
Microsoft Visual Studio Solution File, Format Version 12.00
# Visual Studio 14
VisualStudioVersion = 14.0.25420.1
MinimumVisualStudioVersion = 10.0.40219.1
Project("{2150E333-8FDC-42A3-9474-1A3956D46DE8}") = "src", "src", "{FE5EF6FA-9A59-4795-8F9C-C2D92CCE5F5B}"
EndProject
Project("{2150E333-8FDC-42A3-9474-1A3956D46DE8}") = "Solution Items", "Solution Items", "{8610CC43-580C-431C-886C-C2A6DD01503D}"
	ProjectSection(SolutionItems) = preProject
		global.json = global.json
	EndProjectSection
EndProject
Project("{8BB2217D-0F2D-49D1-97BC-3654ED321F3B}") = "SerialBox", "src\SerialBox\SerialBox.xproj", "{66881363-62DE-471D-BF89-02A659F102FB}"
EndProject
Project("{2150E333-8FDC-42A3-9474-1A3956D46DE8}") = "test", "test", "{85386FC0-3740-4CB1-9010-2F604A75385D}"
EndProject
Project("{8BB2217D-0F2D-49D1-97BC-3654ED321F3B}") = "SerialBox.Tests", "test\SerialBox.Tests\SerialBox.Tests.xproj", "{115548E3-2673-474C-8275-1DF1DA366C22}"
EndProject
Global
	GlobalSection(SolutionConfigurationPlatforms) = preSolution
		Debug|Any CPU = Debug|Any CPU
		Release|Any CPU = Release|Any CPU
	EndGlobalSection
	GlobalSection(ProjectConfigurationPlatforms) = postSolution
		{66881363-62DE-471D-BF89-02A659F102FB}.Debug|Any CPU.ActiveCfg = Debug|Any CPU
		{66881363-62DE-471D-BF89-02A659F102FB}.Debug|Any CPU.Build.0 = Debug|Any CPU
		{66881363-62DE-471D-BF89-02A659F102FB}.Release|Any CPU.ActiveCfg = Release|Any CPU
		{66881363-62DE-471D-BF89-02A659F102FB}.Release|Any CPU.Build.0 = Release|Any CPU
		{115548E3-2673-474C-8275-1DF1DA366C22}.Debug|Any CPU.ActiveCfg = Debug|Any CPU
		{115548E3-2673-474C-8275-1DF1DA366C22}.Debug|Any CPU.Build.0 = Debug|Any CPU
		{115548E3-2673-474C-8275-1DF1DA366C22}.Release|Any CPU.ActiveCfg = Release|Any CPU
		{115548E3-2673-474C-8275-1DF1DA366C22}.Release|Any CPU.Build.0 = Release|Any CPU
	EndGlobalSection
	GlobalSection(SolutionProperties) = preSolution
		HideSolutionNode = FALSE
	EndGlobalSection
	GlobalSection(NestedProjects) = preSolution
		{66881363-62DE-471D-BF89-02A659F102FB} = {FE5EF6FA-9A59-4795-8F9C-C2D92CCE5F5B}
		{115548E3-2673-474C-8275-1DF1DA366C22} = {85386FC0-3740-4CB1-9010-2F604A75385D}
	EndGlobalSection
EndGlobal
